
Microsoft Visual Studio Solution File, Format Version 12.00
# Visual Studio Version 16
VisualStudioVersion = 16.0.30320.27
MinimumVisualStudioVersion = 10.0.40219.1
Project("{FAE04EC0-301F-11D3-BF4B-00C04F79EFBC}") = "SalesWebMvc", "SalesWebMvc\SalesWebMvc.csproj", "{F1466A94-D586-4B50-9D83-CE978ACD8B98}"
EndProject
Global
	GlobalSection(SolutionConfigurationPlatforms) = preSolution
		Debug|Any CPU = Debug|Any CPU
		Release|Any CPU = Release|Any CPU
	EndGlobalSection
	GlobalSection(ProjectConfigurationPlatforms) = postSolution
		{F1466A94-D586-4B50-9D83-CE978ACD8B98}.Debug|Any CPU.ActiveCfg = Debug|Any CPU
		{F1466A94-D586-4B50-9D83-CE978ACD8B98}.Debug|Any CPU.Build.0 = Debug|Any CPU
		{F1466A94-D586-4B50-9D83-CE978ACD8B98}.Release|Any CPU.ActiveCfg = Release|Any CPU
		{F1466A94-D586-4B50-9D83-CE978ACD8B98}.Release|Any CPU.Build.0 = Release|Any CPU
	EndGlobalSection
	GlobalSection(SolutionProperties) = preSolution
		HideSolutionNode = FALSE
	EndGlobalSection
	GlobalSection(ExtensibilityGlobals) = postSolution
		SolutionGuid = {B0937A76-A65F-4111-89D8-05654A4124B1}
	EndGlobalSection
EndGlobal
